
Microsoft Visual Studio Solution File, Format Version 12.00
# Visual Studio Version 17
VisualStudioVersion = 17.10.35122.118
MinimumVisualStudioVersion = 10.0.40219.1
Project("{FAE04EC0-301F-11D3-BF4B-00C04F79EFBC}") = "Portafolio", "Portafolio\Portafolio.csproj", "{168D1F36-6398-4B70-98F0-B1FBE6BCA410}"
EndProject
Global
	GlobalSection(SolutionConfigurationPlatforms) = preSolution
		Debug|Any CPU = Debug|Any CPU
		Release|Any CPU = Release|Any CPU
	EndGlobalSection
	GlobalSection(ProjectConfigurationPlatforms) = postSolution
		{168D1F36-6398-4B70-98F0-B1FBE6BCA410}.Debug|Any CPU.ActiveCfg = Debug|Any CPU
		{168D1F36-6398-4B70-98F0-B1FBE6BCA410}.Debug|Any CPU.Build.0 = Debug|Any CPU
		{168D1F36-6398-4B70-98F0-B1FBE6BCA410}.Release|Any CPU.ActiveCfg = Release|Any CPU
		{168D1F36-6398-4B70-98F0-B1FBE6BCA410}.Release|Any CPU.Build.0 = Release|Any CPU
	EndGlobalSection
	GlobalSection(SolutionProperties) = preSolution
		HideSolutionNode = FALSE
	EndGlobalSection
	GlobalSection(ExtensibilityGlobals) = postSolution
		SolutionGuid = {98B560EA-BC62-48B5-B01F-7614C605F41D}
	EndGlobalSection
EndGlobal
